{
  "version": 1,
  "dependencies": {
    "net8.0": {
      "Amazon.AspNetCore.DataProtection.SSM": {
        "type": "Direct",
        "requested": "[4.0.3, )",
        "resolved": "4.0.3",
        "contentHash": "eFKD6jR06Jbby1i+m8W1A8lDi8dR0tN2OJhQhu8NJNVq4B1HXQNq7fC9olg2Axl8vuDfsviEqbjuFKUkuG3qEg==",
        "dependencies": {
          "AWSSDK.Extensions.NETCore.Setup": "4.0.3.25",
          "AWSSDK.SimpleSystemsManagement": "4.0.7.3",
          "Microsoft.AspNetCore.DataProtection": "8.0.26"
        }
      },
      "System.Security.Cryptography.Xml": {
        "type": "Direct",
        "requested": "[8.0.4, )",
        "resolved": "8.0.4",
        "contentHash": "1y+ROEEmEOACrQWqRi37GkGHOThPc31m7vezOySpPE9xXN2nTN6ndLYjylvy42aCtQq4owlYhcqaKpQKMDFKFg==",
        "dependencies": {
          "System.Security.Cryptography.Pkcs": "8.0.1"
        }
      },
      "AWSSDK.Core": {
        "type": "Transitive",
        "resolved": "4.0.3.17",
        "contentHash": "Ab24kVquQ8kvuQKNe5MK/SvaXR4uoxPkAlTPALDEImaHcwsBg+UWfRVcNzLEx4dRR2y1mDFFh+zZ9TVMXGY6Jg=="
      },
      "AWSSDK.Extensions.NETCore.Setup": {
        "type": "Transitive",
        "resolved": "4.0.3.25",
        "contentHash": "VIuOwVg1SQsBcIsJk0scmV8iyYRy4zV06JuJl4WEFBHHjluMOLI9U1IVoTzhL6DYE0oZHy/8/WePFzgdCC6kmQ==",
        "dependencies": {
          "AWSSDK.Core": "4.0.3.17",
          "Microsoft.Extensions.Configuration.Abstractions": "2.0.0",
          "Microsoft.Extensions.DependencyInjection.Abstractions": "8.0.0",
          "Microsoft.Extensions.Logging.Abstractions": "2.0.0"
        }
      },
      "AWSSDK.SimpleSystemsManagement": {
        "type": "Transitive",
        "resolved": "4.0.7.3",
        "contentHash": "wEaAauWCBQc/sPdNYgwDC+WPwgRuDHYWRzOEOdo4UktTi84hI31LqMuDLasEI/UVy/N9gJOS5v8XGqx1wUJCzw==",
        "dependencies": {
          "AWSSDK.Core": "[4.0.3.17, 5.0.0)"
        }
      },
      "Microsoft.AspNetCore.Cryptography.Internal": {
        "type": "Transitive",
        "resolved": "8.0.26",
        "contentHash": "v2y+Rk86RjlKEB7UG53Y538p0W9jItF0GS+cixl5x3UXEZ08P/Jja35G2CQLKkOgc9WIQSArw9gXmkGxHnDdWA=="
      },
      "Microsoft.AspNetCore.DataProtection": {
        "type": "Transitive",
        "resolved": "8.0.26",
        "contentHash": "9PlFOXc8Fi2Hh7UPXW+/tbvDV5vjCnBo/cGEIeJA5J0I2Uxw2yLuBmBS3QTXkkMr4BTy1KL038pZIZc9GifwHw==",
        "dependencies": {
          "Microsoft.AspNetCore.Cryptography.Internal": "8.0.26",
          "Microsoft.AspNetCore.DataProtection.Abstractions": "8.0.26",
          "Microsoft.Extensions.DependencyInjection.Abstractions": "8.0.2",
          "Microsoft.Extensions.Hosting.Abstractions": "8.0.1",
          "Microsoft.Extensions.Logging.Abstractions": "8.0.3",
          "Microsoft.Extensions.Options": "8.0.2",
          "System.Security.Cryptography.Xml": "8.0.3"
        }
      },
      "Microsoft.AspNetCore.DataProtection.Abstractions": {
        "type": "Transitive",
        "resolved": "8.0.26",
        "contentHash": "AW8jPojKAFkIVsZUFQuoN/Q7UbQiCkPhxdgGDrqUitv/D0ns5qz1BrQRFjZGuXXnAlj4t7f0ZYgAz6l3MbjXCA=="
      },
      "Microsoft.Extensions.Configuration.Abstractions": {
        "type": "Transitive",
        "resolved": "8.0.0",
        "contentHash": "3lE/iLSutpgX1CC0NOW70FJoGARRHbyKmG7dc0klnUZ9Dd9hS6N/POPWhKhMLCEuNN5nXEY5agmlFtH562vqhQ==",
        "dependencies": {
          "Microsoft.Extensions.Primitives": "8.0.0"
        }
      },
      "Microsoft.Extensions.DependencyInjection.Abstractions": {
        "type": "Transitive",
        "resolved": "8.0.2",
        "contentHash": "3iE7UF7MQkCv1cxzCahz+Y/guQbTqieyxyaWKhrRO91itI9cOKO76OHeQDahqG4MmW5umr3CcCvGmK92lWNlbg=="
      },
      "Microsoft.Extensions.Diagnostics.Abstractions": {
        "type": "Transitive",
        "resolved": "8.0.1",
        "contentHash": "elH2vmwNmsXuKmUeMQ4YW9ldXiF+gSGDgg1vORksob5POnpaI6caj1Hu8zaYbEuibhqCoWg0YRWDazBY3zjBfg==",
        "dependencies": {
          "Microsoft.Extensions.DependencyInjection.Abstractions": "8.0.2",
          "Microsoft.Extensions.Options": "8.0.2"
        }
      },
      "Microsoft.Extensions.FileProviders.Abstractions": {
        "type": "Transitive",
        "resolved": "8.0.0",
        "contentHash": "ZbaMlhJlpisjuWbvXr4LdAst/1XxH3vZ6A0BsgTphZ2L4PGuxRLz7Jr/S7mkAAnOn78Vu0fKhEgNF5JO3zfjqQ==",
        "dependencies": {
          "Microsoft.Extensions.Primitives": "8.0.0"
        }
      },
      "Microsoft.Extensions.Hosting.Abstractions": {
        "type": "Transitive",
        "resolved": "8.0.1",
        "contentHash": "nHwq9aPBdBPYXPti6wYEEfgXddfBrYC+CQLn+qISiwQq5tpfaqDZSKOJNxoe9rfQxGf1c+2wC/qWFe1QYJPYqw==",
        "dependencies": {
          "Microsoft.Extensions.Configuration.Abstractions": "8.0.0",
          "Microsoft.Extensions.DependencyInjection.Abstractions": "8.0.2",
          "Microsoft.Extensions.Diagnostics.Abstractions": "8.0.1",
          "Microsoft.Extensions.FileProviders.Abstractions": "8.0.0",
          "Microsoft.Extensions.Logging.Abstractions": "8.0.2"
        }
      },
      "Microsoft.Extensions.Logging.Abstractions": {
        "type": "Transitive",
        "resolved": "8.0.3",
        "contentHash": "dL0QGToTxggRLMYY4ZYX5AMwBb+byQBd/5dMiZE07Nv73o6I5Are3C7eQTh7K2+A4ct0PVISSr7TZANbiNb2yQ==",
        "dependencies": {
          "Microsoft.Extensions.DependencyInjection.Abstractions": "8.0.2"
        }
      },
      "Microsoft.Extensions.Options": {
        "type": "Transitive",
        "resolved": "8.0.2",
        "contentHash": "dWGKvhFybsaZpGmzkGCbNNwBD1rVlWzrZKANLW/CcbFJpCEceMCGzT7zZwHOGBCbwM0SzBuceMj5HN1LKV1QqA==",
        "dependencies": {
          "Microsoft.Extensions.DependencyInjection.Abstractions": "8.0.0",
          "Microsoft.Extensions.Primitives": "8.0.0"
        }
      },
      "Microsoft.Extensions.Primitives": {
        "type": "Transitive",
        "resolved": "8.0.0",
        "contentHash": "bXJEZrW9ny8vjMF1JV253WeLhpEVzFo1lyaZu1vQ4ZxWUlVvknZ/+ftFgVheLubb4eZPSwwxBeqS1JkCOjxd8g=="
      },
      "System.Security.Cryptography.Pkcs": {
        "type": "Transitive",
        "resolved": "8.0.1",
        "contentHash": "CoCRHFym33aUSf/NtWSVSZa99dkd0Hm7OCZUxORBjRB16LNhIEOf8THPqzIYlvKM0nNDAPTRBa1FxEECrgaxxA=="
      }
    }
  }
}